
Microsoft Visual Studio Solution File, Format Version 12.00
# Visual Studio Version 17
VisualStudioVersion = 17.1.32328.378
MinimumVisualStudioVersion = 10.0.40219.1
Project("{FAE04EC0-301F-11D3-BF4B-00C04F79EFBC}") = "my-books", "my-books.csproj", "{0DF774C5-5DEE-4B09-A791-8903A5116BB6}"
EndProject
Global
	GlobalSection(SolutionConfigurationPlatforms) = preSolution
		Debug|Any CPU = Debug|Any CPU
		Release|Any CPU = Release|Any CPU
	EndGlobalSection
	GlobalSection(ProjectConfigurationPlatforms) = postSolution
		{0DF774C5-5DEE-4B09-A791-8903A5116BB6}.Debug|Any CPU.ActiveCfg = Debug|Any CPU
		{0DF774C5-5DEE-4B09-A791-8903A5116BB6}.Debug|Any CPU.Build.0 = Debug|Any CPU
		{0DF774C5-5DEE-4B09-A791-8903A5116BB6}.Release|Any CPU.ActiveCfg = Release|Any CPU
		{0DF774C5-5DEE-4B09-A791-8903A5116BB6}.Release|Any CPU.Build.0 = Release|Any CPU
	EndGlobalSection
	GlobalSection(SolutionProperties) = preSolution
		HideSolutionNode = FALSE
	EndGlobalSection
	GlobalSection(ExtensibilityGlobals) = postSolution
		SolutionGuid = {DBCDCDC1-BCD8-4436-BF84-18B056742200}
	EndGlobalSection
EndGlobal
