
Microsoft Visual Studio Solution File, Format Version 12.00
# Visual Studio Version 17
VisualStudioVersion = 17.1.32328.378
MinimumVisualStudioVersion = 10.0.40219.1
Project("{9A19103F-16F7-4668-BE54-9A1E7A4F7556}") = "ComicBookInventory.Api", "ComicBookInventory.Api\ComicBookInventory.Api.csproj", "{E4139456-98FE-4567-8F86-C83EAF6B133A}"
EndProject
Project("{9A19103F-16F7-4668-BE54-9A1E7A4F7556}") = "ComicBookInventory.Domain", "ComicBookInventory.Domain\ComicBookInventory.Domain.csproj", "{4ABAC0BA-8E29-4E71-8F0A-33A73848E7B2}"
EndProject
Project("{9A19103F-16F7-4668-BE54-9A1E7A4F7556}") = "ComicBookInventory.DataAccess.EFCore", "ComicBookInventory.DataAccess.EFCore\ComicBookInventory.DataAccess.EFCore.csproj", "{8AD43C50-C1E3-4760-B966-EDCAA66D3B1E}"
EndProject
Project("{FAE04EC0-301F-11D3-BF4B-00C04F79EFBC}") = "ComicBookInventory.Web", "ComicBookInventory.Web\ComicBookInventory.Web.csproj", "{4B6C54E7-3507-4A14-8364-D660396C3E8B}"
EndProject
Global
	GlobalSection(SolutionConfigurationPlatforms) = preSolution
		Debug|Any CPU = Debug|Any CPU
		Release|Any CPU = Release|Any CPU
	EndGlobalSection
	GlobalSection(ProjectConfigurationPlatforms) = postSolution
		{E4139456-98FE-4567-8F86-C83EAF6B133A}.Debug|Any CPU.ActiveCfg = Debug|Any CPU
		{E4139456-98FE-4567-8F86-C83EAF6B133A}.Debug|Any CPU.Build.0 = Debug|Any CPU
		{E4139456-98FE-4567-8F86-C83EAF6B133A}.Release|Any CPU.ActiveCfg = Release|Any CPU
		{E4139456-98FE-4567-8F86-C83EAF6B133A}.Release|Any CPU.Build.0 = Release|Any CPU
		{4ABAC0BA-8E29-4E71-8F0A-33A73848E7B2}.Debug|Any CPU.ActiveCfg = Debug|Any CPU
		{4ABAC0BA-8E29-4E71-8F0A-33A73848E7B2}.Debug|Any CPU.Build.0 = Debug|Any CPU
		{4ABAC0BA-8E29-4E71-8F0A-33A73848E7B2}.Release|Any CPU.ActiveCfg = Release|Any CPU
		{4ABAC0BA-8E29-4E71-8F0A-33A73848E7B2}.Release|Any CPU.Build.0 = Release|Any CPU
		{8AD43C50-C1E3-4760-B966-EDCAA66D3B1E}.Debug|Any CPU.ActiveCfg = Debug|Any CPU
		{8AD43C50-C1E3-4760-B966-EDCAA66D3B1E}.Debug|Any CPU.Build.0 = Debug|Any CPU
		{8AD43C50-C1E3-4760-B966-EDCAA66D3B1E}.Release|Any CPU.ActiveCfg = Release|Any CPU
		{8AD43C50-C1E3-4760-B966-EDCAA66D3B1E}.Release|Any CPU.Build.0 = Release|Any CPU
		{4B6C54E7-3507-4A14-8364-D660396C3E8B}.Debug|Any CPU.ActiveCfg = Debug|Any CPU
		{4B6C54E7-3507-4A14-8364-D660396C3E8B}.Debug|Any CPU.Build.0 = Debug|Any CPU
		{4B6C54E7-3507-4A14-8364-D660396C3E8B}.Release|Any CPU.ActiveCfg = Release|Any CPU
		{4B6C54E7-3507-4A14-8364-D660396C3E8B}.Release|Any CPU.Build.0 = Release|Any CPU
	EndGlobalSection
	GlobalSection(SolutionProperties) = preSolution
		HideSolutionNode = FALSE
	EndGlobalSection
	GlobalSection(ExtensibilityGlobals) = postSolution
		SolutionGuid = {DBCDCDC1-BCD8-4436-BF84-18B056742200}
	EndGlobalSection
EndGlobal
